
Microsoft Visual Studio Solution File, Format Version 12.00
# Visual Studio Version 17
VisualStudioVersion = 17.3.32901.215
MinimumVisualStudioVersion = 10.0.40219.1
Project("{9A19103F-16F7-4668-BE54-9A1E7A4F7556}") = "AppCore.WebApi", "AppCore.WebApi\AppCore.WebApi.csproj", "{0C753EB5-2962-4929-938D-7A58151778CE}"
EndProject
Project("{FAE04EC0-301F-11D3-BF4B-00C04F79EFBC}") = "AppCore.Domain", "AppCore.Domain\AppCore.Domain.csproj", "{AFABE17F-0BA5-4186-8D39-27422E776651}"
EndProject
Project("{FAE04EC0-301F-11D3-BF4B-00C04F79EFBC}") = "AppCore.Repo", "AppCore.Repo\AppCore.Repo.csproj", "{C4FAABE0-74CA-454C-9BB4-B2656902B1FD}"
EndProject
Global
	GlobalSection(SolutionConfigurationPlatforms) = preSolution
		Debug|Any CPU = Debug|Any CPU
		Release|Any CPU = Release|Any CPU
	EndGlobalSection
	GlobalSection(ProjectConfigurationPlatforms) = postSolution
		{0C753EB5-2962-4929-938D-7A58151778CE}.Debug|Any CPU.ActiveCfg = Debug|Any CPU
		{0C753EB5-2962-4929-938D-7A58151778CE}.Debug|Any CPU.Build.0 = Debug|Any CPU
		{0C753EB5-2962-4929-938D-7A58151778CE}.Release|Any CPU.ActiveCfg = Release|Any CPU
		{0C753EB5-2962-4929-938D-7A58151778CE}.Release|Any CPU.Build.0 = Release|Any CPU
		{AFABE17F-0BA5-4186-8D39-27422E776651}.Debug|Any CPU.ActiveCfg = Debug|Any CPU
		{AFABE17F-0BA5-4186-8D39-27422E776651}.Debug|Any CPU.Build.0 = Debug|Any CPU
		{AFABE17F-0BA5-4186-8D39-27422E776651}.Release|Any CPU.ActiveCfg = Release|Any CPU
		{AFABE17F-0BA5-4186-8D39-27422E776651}.Release|Any CPU.Build.0 = Release|Any CPU
		{C4FAABE0-74CA-454C-9BB4-B2656902B1FD}.Debug|Any CPU.ActiveCfg = Debug|Any CPU
		{C4FAABE0-74CA-454C-9BB4-B2656902B1FD}.Debug|Any CPU.Build.0 = Debug|Any CPU
		{C4FAABE0-74CA-454C-9BB4-B2656902B1FD}.Release|Any CPU.ActiveCfg = Release|Any CPU
		{C4FAABE0-74CA-454C-9BB4-B2656902B1FD}.Release|Any CPU.Build.0 = Release|Any CPU
	EndGlobalSection
	GlobalSection(SolutionProperties) = preSolution
		HideSolutionNode = FALSE
	EndGlobalSection
	GlobalSection(ExtensibilityGlobals) = postSolution
		SolutionGuid = {DF1284D4-C7F7-4305-9170-2C5A3B210021}
	EndGlobalSection
EndGlobal
